
Microsoft Visual Studio Solution File, Format Version 12.00
# Visual Studio 14
VisualStudioVersion = 14.0.23107.0
MinimumVisualStudioVersion = 10.0.40219.1
Project("{2150E333-8FDC-42A3-9474-1A3956D46DE8}") = "src", "src", "{5AE60386-9F8A-4015-8C40-528CF307E29C}"
EndProject
Project("{2150E333-8FDC-42A3-9474-1A3956D46DE8}") = "Solution Items", "Solution Items", "{B904C275-D950-43C8-B4A4-F1C16D08568B}"
	ProjectSection(SolutionItems) = preProject
		global.json = global.json
	EndProjectSection
EndProject
Project("{8BB2217D-0F2D-49D1-97BC-3654ED321F3B}") = "MyApp", "src\MyApp\MyApp.xproj", "{E6132746-02F1-4BDA-B7CD-780F68BBC0E3}"
EndProject
Global
	GlobalSection(SolutionConfigurationPlatforms) = preSolution
		Debug|Any CPU = Debug|Any CPU
		Release|Any CPU = Release|Any CPU
	EndGlobalSection
	GlobalSection(ProjectConfigurationPlatforms) = postSolution
		{E6132746-02F1-4BDA-B7CD-780F68BBC0E3}.Debug|Any CPU.ActiveCfg = Debug|Any CPU
		{E6132746-02F1-4BDA-B7CD-780F68BBC0E3}.Debug|Any CPU.Build.0 = Debug|Any CPU
		{E6132746-02F1-4BDA-B7CD-780F68BBC0E3}.Release|Any CPU.ActiveCfg = Release|Any CPU
		{E6132746-02F1-4BDA-B7CD-780F68BBC0E3}.Release|Any CPU.Build.0 = Release|Any CPU
	EndGlobalSection
	GlobalSection(SolutionProperties) = preSolution
		HideSolutionNode = FALSE
	EndGlobalSection
	GlobalSection(NestedProjects) = preSolution
		{E6132746-02F1-4BDA-B7CD-780F68BBC0E3} = {5AE60386-9F8A-4015-8C40-528CF307E29C}
	EndGlobalSection
EndGlobal
